{
  "originHash" : "2faac7eacca7e948ff227f08a0764db0da9557fbbb8d1b12399db3361af5255a",
  "pins" : [
    {
      "identity" : "fluidaudio",
      "kind" : "remoteSourceControl",
      "location" : "https://github.com/FluidInference/FluidAudio.git",
      "state" : {
        "revision" : "19600a485baa4998812e4654b70d2bab8f2c9949",
        "version" : "0.15.5"
      }
    }
  ],
  "version" : 3
}
